# THIS IS AN AUTOGENERATED FILE. DO NOT EDIT THIS FILE DIRECTLY.
# yarn lockfile v1


tiny-slider@^2.9.4:
  version "2.9.4"
  resolved "https://registry.yarnpkg.com/tiny-slider/-/tiny-slider-2.9.4.tgz#dd5cbf3065f1688ade8383ea6342aefcba22ccc4"
  integrity sha512-LAs2kldWcY+BqCKw4kxd4CMx2RhWrHyEePEsymlOIISTlOVkjfK40sSD7ay73eKXBLg/UkluAZpcfCstimHXew==
